
Microsoft Visual Studio Solution File, Format Version 12.00
# Visual Studio Version 16
VisualStudioVersion = 16.0.32228.343
MinimumVisualStudioVersion = 10.0.40219.1
Project("{2150E333-8FDC-42A3-9474-1A3956D46DE8}") = "src", "src", "{AE05346D-ED23-45A5-AD7E-9E7BC8C58FE1}"
EndProject
Project("{2150E333-8FDC-42A3-9474-1A3956D46DE8}") = "Repository", "Repository", "{E522E155-4D9A-4AE1-B0AB-03A2BF174692}"
EndProject
Project("{2150E333-8FDC-42A3-9474-1A3956D46DE8}") = "Entity", "Entity", "{A73C1294-B78D-4C67-A217-68BD8CBA4E53}"
EndProject
Project("{2150E333-8FDC-42A3-9474-1A3956D46DE8}") = "Service", "Service", "{0AC50F02-44BA-4FEA-871D-889D89051853}"
EndProject
Project("{2150E333-8FDC-42A3-9474-1A3956D46DE8}") = "Api", "Api", "{A0F796E7-0024-47C7-9912-39A6D0098B4A}"
EndProject
Project("{FAE04EC0-301F-11D3-BF4B-00C04F79EFBC}") = "Storage.MicroService.Repository", "Storage.MicroService.Repository\Storage.MicroService.Repository.csproj", "{38986BB0-D4CD-40F0-BD29-A46969F459B5}"
EndProject
Project("{FAE04EC0-301F-11D3-BF4B-00C04F79EFBC}") = "Storage.MicroService.Models", "Storage.MicroService.Models\Storage.MicroService.Models.csproj", "{58BD14C7-F974-4390-B23A-34AB6D7732A8}"
EndProject
Project("{FAE04EC0-301F-11D3-BF4B-00C04F79EFBC}") = "Storage.MicroService.IService", "Storage.MicroService.IService\Storage.MicroService.IService.csproj", "{1EFED017-4A2C-4CF7-B46B-76C5AF7CB0FA}"
EndProject
Project("{FAE04EC0-301F-11D3-BF4B-00C04F79EFBC}") = "Storage.MicroService.Service", "Storage.MicroService.Service\Storage.MicroService.Service.csproj", "{97F9A7F2-D72D-4C45-8F34-0B297B91F406}"
EndProject
Project("{FAE04EC0-301F-11D3-BF4B-00C04F79EFBC}") = "Storage.MicroServie.Api", "Storage.MicroServie.Api\Storage.MicroServie.Api.csproj", "{62319D15-2888-4A47-8584-0E5885BF7B7E}"
EndProject
Global
	GlobalSection(SolutionConfigurationPlatforms) = preSolution
		Debug|Any CPU = Debug|Any CPU
		Release|Any CPU = Release|Any CPU
	EndGlobalSection
	GlobalSection(ProjectConfigurationPlatforms) = postSolution
		{38986BB0-D4CD-40F0-BD29-A46969F459B5}.Debug|Any CPU.ActiveCfg = Debug|Any CPU
		{38986BB0-D4CD-40F0-BD29-A46969F459B5}.Debug|Any CPU.Build.0 = Debug|Any CPU
		{38986BB0-D4CD-40F0-BD29-A46969F459B5}.Release|Any CPU.ActiveCfg = Release|Any CPU
		{38986BB0-D4CD-40F0-BD29-A46969F459B5}.Release|Any CPU.Build.0 = Release|Any CPU
		{58BD14C7-F974-4390-B23A-34AB6D7732A8}.Debug|Any CPU.ActiveCfg = Debug|Any CPU
		{58BD14C7-F974-4390-B23A-34AB6D7732A8}.Debug|Any CPU.Build.0 = Debug|Any CPU
		{58BD14C7-F974-4390-B23A-34AB6D7732A8}.Release|Any CPU.ActiveCfg = Release|Any CPU
		{58BD14C7-F974-4390-B23A-34AB6D7732A8}.Release|Any CPU.Build.0 = Release|Any CPU
		{1EFED017-4A2C-4CF7-B46B-76C5AF7CB0FA}.Debug|Any CPU.ActiveCfg = Debug|Any CPU
		{1EFED017-4A2C-4CF7-B46B-76C5AF7CB0FA}.Debug|Any CPU.Build.0 = Debug|Any CPU
		{1EFED017-4A2C-4CF7-B46B-76C5AF7CB0FA}.Release|Any CPU.ActiveCfg = Release|Any CPU
		{1EFED017-4A2C-4CF7-B46B-76C5AF7CB0FA}.Release|Any CPU.Build.0 = Release|Any CPU
		{97F9A7F2-D72D-4C45-8F34-0B297B91F406}.Debug|Any CPU.ActiveCfg = Debug|Any CPU
		{97F9A7F2-D72D-4C45-8F34-0B297B91F406}.Debug|Any CPU.Build.0 = Debug|Any CPU
		{97F9A7F2-D72D-4C45-8F34-0B297B91F406}.Release|Any CPU.ActiveCfg = Release|Any CPU
		{97F9A7F2-D72D-4C45-8F34-0B297B91F406}.Release|Any CPU.Build.0 = Release|Any CPU
		{62319D15-2888-4A47-8584-0E5885BF7B7E}.Debug|Any CPU.ActiveCfg = Debug|Any CPU
		{62319D15-2888-4A47-8584-0E5885BF7B7E}.Debug|Any CPU.Build.0 = Debug|Any CPU
		{62319D15-2888-4A47-8584-0E5885BF7B7E}.Release|Any CPU.ActiveCfg = Release|Any CPU
		{62319D15-2888-4A47-8584-0E5885BF7B7E}.Release|Any CPU.Build.0 = Release|Any CPU
	EndGlobalSection
	GlobalSection(SolutionProperties) = preSolution
		HideSolutionNode = FALSE
	EndGlobalSection
	GlobalSection(NestedProjects) = preSolution
		{E522E155-4D9A-4AE1-B0AB-03A2BF174692} = {AE05346D-ED23-45A5-AD7E-9E7BC8C58FE1}
		{A73C1294-B78D-4C67-A217-68BD8CBA4E53} = {AE05346D-ED23-45A5-AD7E-9E7BC8C58FE1}
		{0AC50F02-44BA-4FEA-871D-889D89051853} = {AE05346D-ED23-45A5-AD7E-9E7BC8C58FE1}
		{A0F796E7-0024-47C7-9912-39A6D0098B4A} = {AE05346D-ED23-45A5-AD7E-9E7BC8C58FE1}
		{38986BB0-D4CD-40F0-BD29-A46969F459B5} = {E522E155-4D9A-4AE1-B0AB-03A2BF174692}
		{58BD14C7-F974-4390-B23A-34AB6D7732A8} = {A73C1294-B78D-4C67-A217-68BD8CBA4E53}
		{1EFED017-4A2C-4CF7-B46B-76C5AF7CB0FA} = {0AC50F02-44BA-4FEA-871D-889D89051853}
		{97F9A7F2-D72D-4C45-8F34-0B297B91F406} = {0AC50F02-44BA-4FEA-871D-889D89051853}
		{62319D15-2888-4A47-8584-0E5885BF7B7E} = {A0F796E7-0024-47C7-9912-39A6D0098B4A}
	EndGlobalSection
	GlobalSection(ExtensibilityGlobals) = postSolution
		SolutionGuid = {677B25E2-59FB-447F-A953-26D2AA56D2B4}
	EndGlobalSection
EndGlobal
