
Microsoft Visual Studio Solution File, Format Version 12.00
# Visual Studio Version 16
VisualStudioVersion = 16.0.32228.343
MinimumVisualStudioVersion = 10.0.40219.1
Project("{2150E333-8FDC-42A3-9474-1A3956D46DE8}") = "src", "src", "{51657587-881C-47CE-91E0-5ED5431E3E58}"
EndProject
Project("{2150E333-8FDC-42A3-9474-1A3956D46DE8}") = "Repository", "Repository", "{EA3C7204-94B4-4153-AB27-5450861DD529}"
EndProject
Project("{2150E333-8FDC-42A3-9474-1A3956D46DE8}") = "Entity", "Entity", "{46997E29-2CB2-4CEC-B100-AB4C3A2A49BE}"
EndProject
Project("{2150E333-8FDC-42A3-9474-1A3956D46DE8}") = "Service", "Service", "{6A0526BC-2FE6-4564-86D5-17C67C16E325}"
EndProject
Project("{2150E333-8FDC-42A3-9474-1A3956D46DE8}") = "Api", "Api", "{D40E3363-C9F6-4A0E-8B40-B355EF41CF29}"
EndProject
Project("{FAE04EC0-301F-11D3-BF4B-00C04F79EFBC}") = "Order.MicroService.Repository", "Order.MicroService.Repository\Order.MicroService.Repository.csproj", "{B4A04760-53F1-4DCF-AF85-1C14EE0BDECB}"
EndProject
Project("{FAE04EC0-301F-11D3-BF4B-00C04F79EFBC}") = "Order.MicroService.Models", "Order.MicroService.Models\Order.MicroService.Models.csproj", "{C9CED187-3CD7-46B1-908B-ECB887DF3B7A}"
EndProject
Project("{FAE04EC0-301F-11D3-BF4B-00C04F79EFBC}") = "Order.MicroService.IService", "Order.MicroService.IService\Order.MicroService.IService.csproj", "{2D624887-90B9-4805-A570-B0635030B98E}"
EndProject
Project("{FAE04EC0-301F-11D3-BF4B-00C04F79EFBC}") = "Order.MicroService.Service", "Order.MicroService.Service\Order.MicroService.Service.csproj", "{F69A406B-B932-48C2-9566-623A6B47CE10}"
EndProject
Project("{2150E333-8FDC-42A3-9474-1A3956D46DE8}") = "Common", "Common", "{D0F83CC3-DBB0-469A-BF17-2FD52DB11BFB}"
EndProject
Project("{FAE04EC0-301F-11D3-BF4B-00C04F79EFBC}") = "Order.MicroService.Common", "Order.MicroService.Common\Order.MicroService.Common.csproj", "{65E58D06-EB3F-495D-8F54-B0149965B521}"
EndProject
Project("{FAE04EC0-301F-11D3-BF4B-00C04F79EFBC}") = "Order.MicroServie.Api", "Order.MicroServie.Api\Order.MicroServie.Api.csproj", "{208C8BDC-D658-453B-A5B2-0A8EBBBC13AB}"
EndProject
Global
	GlobalSection(SolutionConfigurationPlatforms) = preSolution
		Debug|Any CPU = Debug|Any CPU
		Release|Any CPU = Release|Any CPU
	EndGlobalSection
	GlobalSection(ProjectConfigurationPlatforms) = postSolution
		{B4A04760-53F1-4DCF-AF85-1C14EE0BDECB}.Debug|Any CPU.ActiveCfg = Debug|Any CPU
		{B4A04760-53F1-4DCF-AF85-1C14EE0BDECB}.Debug|Any CPU.Build.0 = Debug|Any CPU
		{B4A04760-53F1-4DCF-AF85-1C14EE0BDECB}.Release|Any CPU.ActiveCfg = Release|Any CPU
		{B4A04760-53F1-4DCF-AF85-1C14EE0BDECB}.Release|Any CPU.Build.0 = Release|Any CPU
		{C9CED187-3CD7-46B1-908B-ECB887DF3B7A}.Debug|Any CPU.ActiveCfg = Debug|Any CPU
		{C9CED187-3CD7-46B1-908B-ECB887DF3B7A}.Debug|Any CPU.Build.0 = Debug|Any CPU
		{C9CED187-3CD7-46B1-908B-ECB887DF3B7A}.Release|Any CPU.ActiveCfg = Release|Any CPU
		{C9CED187-3CD7-46B1-908B-ECB887DF3B7A}.Release|Any CPU.Build.0 = Release|Any CPU
		{2D624887-90B9-4805-A570-B0635030B98E}.Debug|Any CPU.ActiveCfg = Debug|Any CPU
		{2D624887-90B9-4805-A570-B0635030B98E}.Debug|Any CPU.Build.0 = Debug|Any CPU
		{2D624887-90B9-4805-A570-B0635030B98E}.Release|Any CPU.ActiveCfg = Release|Any CPU
		{2D624887-90B9-4805-A570-B0635030B98E}.Release|Any CPU.Build.0 = Release|Any CPU
		{F69A406B-B932-48C2-9566-623A6B47CE10}.Debug|Any CPU.ActiveCfg = Debug|Any CPU
		{F69A406B-B932-48C2-9566-623A6B47CE10}.Debug|Any CPU.Build.0 = Debug|Any CPU
		{F69A406B-B932-48C2-9566-623A6B47CE10}.Release|Any CPU.ActiveCfg = Release|Any CPU
		{F69A406B-B932-48C2-9566-623A6B47CE10}.Release|Any CPU.Build.0 = Release|Any CPU
		{65E58D06-EB3F-495D-8F54-B0149965B521}.Debug|Any CPU.ActiveCfg = Debug|Any CPU
		{65E58D06-EB3F-495D-8F54-B0149965B521}.Debug|Any CPU.Build.0 = Debug|Any CPU
		{65E58D06-EB3F-495D-8F54-B0149965B521}.Release|Any CPU.ActiveCfg = Release|Any CPU
		{65E58D06-EB3F-495D-8F54-B0149965B521}.Release|Any CPU.Build.0 = Release|Any CPU
		{208C8BDC-D658-453B-A5B2-0A8EBBBC13AB}.Debug|Any CPU.ActiveCfg = Debug|Any CPU
		{208C8BDC-D658-453B-A5B2-0A8EBBBC13AB}.Debug|Any CPU.Build.0 = Debug|Any CPU
		{208C8BDC-D658-453B-A5B2-0A8EBBBC13AB}.Release|Any CPU.ActiveCfg = Release|Any CPU
		{208C8BDC-D658-453B-A5B2-0A8EBBBC13AB}.Release|Any CPU.Build.0 = Release|Any CPU
	EndGlobalSection
	GlobalSection(SolutionProperties) = preSolution
		HideSolutionNode = FALSE
	EndGlobalSection
	GlobalSection(NestedProjects) = preSolution
		{EA3C7204-94B4-4153-AB27-5450861DD529} = {51657587-881C-47CE-91E0-5ED5431E3E58}
		{46997E29-2CB2-4CEC-B100-AB4C3A2A49BE} = {51657587-881C-47CE-91E0-5ED5431E3E58}
		{6A0526BC-2FE6-4564-86D5-17C67C16E325} = {51657587-881C-47CE-91E0-5ED5431E3E58}
		{D40E3363-C9F6-4A0E-8B40-B355EF41CF29} = {51657587-881C-47CE-91E0-5ED5431E3E58}
		{B4A04760-53F1-4DCF-AF85-1C14EE0BDECB} = {EA3C7204-94B4-4153-AB27-5450861DD529}
		{C9CED187-3CD7-46B1-908B-ECB887DF3B7A} = {46997E29-2CB2-4CEC-B100-AB4C3A2A49BE}
		{2D624887-90B9-4805-A570-B0635030B98E} = {6A0526BC-2FE6-4564-86D5-17C67C16E325}
		{F69A406B-B932-48C2-9566-623A6B47CE10} = {6A0526BC-2FE6-4564-86D5-17C67C16E325}
		{D0F83CC3-DBB0-469A-BF17-2FD52DB11BFB} = {51657587-881C-47CE-91E0-5ED5431E3E58}
		{65E58D06-EB3F-495D-8F54-B0149965B521} = {D0F83CC3-DBB0-469A-BF17-2FD52DB11BFB}
		{208C8BDC-D658-453B-A5B2-0A8EBBBC13AB} = {D40E3363-C9F6-4A0E-8B40-B355EF41CF29}
	EndGlobalSection
	GlobalSection(ExtensibilityGlobals) = postSolution
		SolutionGuid = {82070EDC-FA7F-4925-8934-385D8D57B5DD}
	EndGlobalSection
EndGlobal
