
Microsoft Visual Studio Solution File, Format Version 12.00
# Visual Studio Version 16
VisualStudioVersion = 16.0.32228.343
MinimumVisualStudioVersion = 10.0.40219.1
Project("{2150E333-8FDC-42A3-9474-1A3956D46DE8}") = "src", "src", "{20CF8F92-4198-4FC7-9E3F-ABEAA8243332}"
EndProject
Project("{2150E333-8FDC-42A3-9474-1A3956D46DE8}") = "Repository", "Repository", "{8E804D23-B07F-4506-AE92-3772FFC22A7C}"
EndProject
Project("{FAE04EC0-301F-11D3-BF4B-00C04F79EFBC}") = "Nw.Account.MicroService.Repository", "Nw.Account.MicroService.Repository\Nw.Account.MicroService.Repository.csproj", "{850F49EA-A5AA-476C-A9A8-412A358F88B2}"
EndProject
Project("{2150E333-8FDC-42A3-9474-1A3956D46DE8}") = "Entity", "Entity", "{C7BE67E2-ED78-46A7-B5AA-8EC30881CEC0}"
EndProject
Project("{FAE04EC0-301F-11D3-BF4B-00C04F79EFBC}") = "Nw.Account.MicroService.Models", "Nw.Account.MicroService.Models\Nw.Account.MicroService.Models.csproj", "{6F87311E-FCC1-4F09-8D73-A717D608A6D6}"
EndProject
Project("{2150E333-8FDC-42A3-9474-1A3956D46DE8}") = "Service", "Service", "{83730463-18F3-4B6F-956B-161E570524F1}"
EndProject
Project("{FAE04EC0-301F-11D3-BF4B-00C04F79EFBC}") = "Nw.Account.MicroService.IService", "Nw.Account.MicroService.IService\Nw.Account.MicroService.IService.csproj", "{44DE2239-1955-41DB-B689-24427A2C296E}"
EndProject
Project("{FAE04EC0-301F-11D3-BF4B-00C04F79EFBC}") = "Nw.Account.MicroService.Service", "Nw.Account.MicroService.Service\Nw.Account.MicroService.Service.csproj", "{CF3C70AB-708D-4CD1-A3BF-C3287E958DD2}"
EndProject
Project("{2150E333-8FDC-42A3-9474-1A3956D46DE8}") = "Api", "Api", "{00DF174C-F01E-408C-A448-5C724713B46D}"
EndProject
Project("{FAE04EC0-301F-11D3-BF4B-00C04F79EFBC}") = "Nw.Account.MicroService.Api", "Nw.Account.MicroService.Api\Nw.Account.MicroService.Api.csproj", "{6F571139-C07D-4BEE-835C-6C1BE9A45F7A}"
EndProject
Global
	GlobalSection(SolutionConfigurationPlatforms) = preSolution
		Debug|Any CPU = Debug|Any CPU
		Release|Any CPU = Release|Any CPU
	EndGlobalSection
	GlobalSection(ProjectConfigurationPlatforms) = postSolution
		{850F49EA-A5AA-476C-A9A8-412A358F88B2}.Debug|Any CPU.ActiveCfg = Debug|Any CPU
		{850F49EA-A5AA-476C-A9A8-412A358F88B2}.Debug|Any CPU.Build.0 = Debug|Any CPU
		{850F49EA-A5AA-476C-A9A8-412A358F88B2}.Release|Any CPU.ActiveCfg = Release|Any CPU
		{850F49EA-A5AA-476C-A9A8-412A358F88B2}.Release|Any CPU.Build.0 = Release|Any CPU
		{6F87311E-FCC1-4F09-8D73-A717D608A6D6}.Debug|Any CPU.ActiveCfg = Debug|Any CPU
		{6F87311E-FCC1-4F09-8D73-A717D608A6D6}.Debug|Any CPU.Build.0 = Debug|Any CPU
		{6F87311E-FCC1-4F09-8D73-A717D608A6D6}.Release|Any CPU.ActiveCfg = Release|Any CPU
		{6F87311E-FCC1-4F09-8D73-A717D608A6D6}.Release|Any CPU.Build.0 = Release|Any CPU
		{44DE2239-1955-41DB-B689-24427A2C296E}.Debug|Any CPU.ActiveCfg = Debug|Any CPU
		{44DE2239-1955-41DB-B689-24427A2C296E}.Debug|Any CPU.Build.0 = Debug|Any CPU
		{44DE2239-1955-41DB-B689-24427A2C296E}.Release|Any CPU.ActiveCfg = Release|Any CPU
		{44DE2239-1955-41DB-B689-24427A2C296E}.Release|Any CPU.Build.0 = Release|Any CPU
		{CF3C70AB-708D-4CD1-A3BF-C3287E958DD2}.Debug|Any CPU.ActiveCfg = Debug|Any CPU
		{CF3C70AB-708D-4CD1-A3BF-C3287E958DD2}.Debug|Any CPU.Build.0 = Debug|Any CPU
		{CF3C70AB-708D-4CD1-A3BF-C3287E958DD2}.Release|Any CPU.ActiveCfg = Release|Any CPU
		{CF3C70AB-708D-4CD1-A3BF-C3287E958DD2}.Release|Any CPU.Build.0 = Release|Any CPU
		{6F571139-C07D-4BEE-835C-6C1BE9A45F7A}.Debug|Any CPU.ActiveCfg = Debug|Any CPU
		{6F571139-C07D-4BEE-835C-6C1BE9A45F7A}.Debug|Any CPU.Build.0 = Debug|Any CPU
		{6F571139-C07D-4BEE-835C-6C1BE9A45F7A}.Release|Any CPU.ActiveCfg = Release|Any CPU
		{6F571139-C07D-4BEE-835C-6C1BE9A45F7A}.Release|Any CPU.Build.0 = Release|Any CPU
	EndGlobalSection
	GlobalSection(SolutionProperties) = preSolution
		HideSolutionNode = FALSE
	EndGlobalSection
	GlobalSection(NestedProjects) = preSolution
		{8E804D23-B07F-4506-AE92-3772FFC22A7C} = {20CF8F92-4198-4FC7-9E3F-ABEAA8243332}
		{850F49EA-A5AA-476C-A9A8-412A358F88B2} = {8E804D23-B07F-4506-AE92-3772FFC22A7C}
		{C7BE67E2-ED78-46A7-B5AA-8EC30881CEC0} = {20CF8F92-4198-4FC7-9E3F-ABEAA8243332}
		{6F87311E-FCC1-4F09-8D73-A717D608A6D6} = {C7BE67E2-ED78-46A7-B5AA-8EC30881CEC0}
		{83730463-18F3-4B6F-956B-161E570524F1} = {20CF8F92-4198-4FC7-9E3F-ABEAA8243332}
		{44DE2239-1955-41DB-B689-24427A2C296E} = {83730463-18F3-4B6F-956B-161E570524F1}
		{CF3C70AB-708D-4CD1-A3BF-C3287E958DD2} = {83730463-18F3-4B6F-956B-161E570524F1}
		{00DF174C-F01E-408C-A448-5C724713B46D} = {20CF8F92-4198-4FC7-9E3F-ABEAA8243332}
		{6F571139-C07D-4BEE-835C-6C1BE9A45F7A} = {00DF174C-F01E-408C-A448-5C724713B46D}
	EndGlobalSection
	GlobalSection(ExtensibilityGlobals) = postSolution
		SolutionGuid = {B05830DF-5DAD-48A9-9E9E-F3A873288CEB}
	EndGlobalSection
EndGlobal
